lockfileVersion: '6.0'

settings:
  autoInstallPeers: true
  excludeLinksFromLockfile: false

dependencies:
  '@ezuikit/control-date-picker':
    specifier: 2.0.0-beta.2
    version: 2.0.0-beta.2
  '@ezuikit/control-ptz':
    specifier: 1.0.0-beta.3
    version: 1.0.0-beta.3
  '@ezuikit/control-time-line':
    specifier: 2.0.0-beta.2
    version: 2.0.0-beta.2
  '@ezuikit/control-zoom':
    specifier: 1.0.0-beta.1
    version: 1.0.0-beta.1
  '@ezuikit/utils-i18n':
    specifier: 2.0.1
    version: 2.0.1
  '@ezuikit/utils-logger':
    specifier: 2.0.1
    version: 2.0.1
  '@ezuikit/utils-tools':
    specifier: 2.0.3
    version: 2.0.3
  '@juggle/resize-observer':
    specifier: ^3.4.0
    version: 3.4.0
  '@skax/delegate':
    specifier: 4.0.2
    version: 4.0.2
  '@skax/picker':
    specifier: 1.1.8
    version: 1.1.8
  deepmerge:
    specifier: ^4.3.1
    version: 4.3.1
  eventemitter3:
    specifier: ^5.0.1
    version: 5.0.1
  screenfull:
    specifier: 5.2.0
    version: 5.2.0

packages:

  /@ezuikit/control-date-picker@2.0.0-beta.2:
    resolution: {integrity: sha512-ezyV6ev6+Igs91c+aArZkow8BhuJslJutTRVI6NuWVtpQZdzLsUCszSkD8jjlJwI3js8NPbNbMjKzrMkeykV5Q==}
    dependencies:
      '@ezuikit/utils-i18n': 2.0.0
      '@ezuikit/utils-tools': 2.0.3
      '@skax/delegate': 4.0.2
      '@skax/picker': 1.1.8
      deepmerge: 4.3.1
    dev: false

  /@ezuikit/control-ptz@1.0.0-beta.3:
    resolution: {integrity: sha512-E8qhpWerc3nWd8bCmQRpUYlUOwPK09GQCmI42GV0Z9PsUi4seiLl2j0isWkCQmNXHXY1lhXoqGfQSTZEGepTzw==}
    dependencies:
      '@ezuikit/utils-tools': 2.0.3
      deepmerge: 4.3.1
    dev: false

  /@ezuikit/control-time-line@2.0.0-beta.2:
    resolution: {integrity: sha512-QXlrrUV7bz+nuBKjloJ1UQoUw91G1hL9+6OOWO+emH7dSpORiXC24wGSZKTW8Te8ZxffVe/b9bY8q4pt5bF5Qg==}
    dependencies:
      '@ezuikit/utils-i18n': 2.0.0
      '@ezuikit/utils-tools': 2.0.3
      '@skax/delegate': 4.0.2
      '@skax/drag-scroll': 1.1.2
      '@skax/picker': 1.1.8
      deepmerge: 4.3.1
    dev: false

  /@ezuikit/control-zoom@1.0.0-beta.1:
    resolution: {integrity: sha512-yOp9WxL76zEuKSheEG/lFtuIEmgEN2+i68FNhp09tG+Il4t84BohiJfnIM3BOWYzVH+yYFA8+t3zTnJzWtIKtg==}
    dev: false

  /@ezuikit/utils-i18n@2.0.0:
    resolution: {integrity: sha512-gMkfdwFTRk3bAkUVWRGPyEsQl4aIImBpQp732aSSHA75LFPi1MmdaB2Xf34OeC+4v+Anpbt75vviCpUrKPMKlQ==}
    dependencies:
      deepmerge: 4.3.1
    dev: false

  /@ezuikit/utils-i18n@2.0.1:
    resolution: {integrity: sha512-846z2bDpCxioTBO3KG8Uw8QUFa6hzquSzmZKWPO6fjT3P4v6zNnXRz+Z3JCPlXnc4eesi03A+JmMAU6m5KI4gg==}
    dependencies:
      deepmerge: 4.3.1
    dev: false

  /@ezuikit/utils-logger@2.0.1:
    resolution: {integrity: sha512-AeLLR9ZQJkSJFfCicpkVBcnOE4zyQMp4W4997sTEGyF3k3I8Upkfn4Cye2A44MIphdw6eytKlaJp6H4joSafQw==}
    dev: false

  /@ezuikit/utils-tools@2.0.3:
    resolution: {integrity: sha512-YvUGDU1ikjSc5YjQLh6kQWGBOpqkOczb3HiocWm7FOk9grW6IAGd3RbRu0e+XyWT20nefcEpbIhRwOYsTejjnA==}
    dev: false

  /@juggle/resize-observer@3.4.0:
    resolution: {integrity: sha512-dfLbk+PwWvFzSxwk3n5ySL0hfBog779o8h68wK/7/APo/7cgyWp5jcXockbxdk5kFRkbeXWm4Fbi9FrdN381sA==}
    dev: false

  /@skax/delegate@4.0.2:
    resolution: {integrity: sha512-8imP+fGESjlbU4mFhZMEuR3/qmYVtqQjXXzZ/C/imbzKqyaMWYpEDqQXNf6yGHzWHUJhZwn5AWNm645U1GjQsQ==}
    dev: false

  /@skax/drag-scroll@1.1.2:
    resolution: {integrity: sha512-dRYjWY6+ix7FCdDLkkEgitO5EcawaHJt1Fu6BXUwKjpikkGnVeMRzrIwfH3jr6FbrhZvZr4StsYG7x5xMHZ3CQ==}
    dev: false

  /@skax/picker@1.1.8:
    resolution: {integrity: sha512-PY8eefUG2KYheTV4VsToL66JDyFWbNrUQcz4sdEUfdFs5A2JWBYL4tNVEIMUq92m03yXaPtkNXh2RcgKO2Czzg==}
    dev: false

  /deepmerge@4.3.1:
    resolution: {integrity: sha512-3sUqbMEc77XqpdNO7FRyRog+eW3ph+GYCbj+rK+uYyRMuwsVy0rMiVtPn+QJlKFvWP/1PYpapqYn0Me2knFn+A==}
    engines: {node: '>=0.10.0'}
    dev: false

  /eventemitter3@5.0.1:
    resolution: {integrity: sha512-GWkBvjiSZK87ELrYOSESUYeVIc9mvLLf/nXalMOS5dYrgZq9o5OVkbZAVM06CVxYsCwH9BDZFPlQTlPA1j4ahA==}
    dev: false

  /screenfull@5.2.0:
    resolution: {integrity: sha512-9BakfsO2aUQN2K9Fdbj87RJIEZ82Q9IGim7FqM5OsebfoFC6ZHXgDq/KvniuLTPdeM8wY2o6Dj3WQ7KeQCj3cA==}
    engines: {node: '>=0.10.0'}
    dev: false
