# THIS IS AN AUTOGENERATED FILE. DO NOT EDIT THIS FILE DIRECTLY.
# yarn lockfile v1


"@ezuikit/control-date-picker@2.0.0-beta.2":
  version "2.0.0-beta.2"
  resolved "https://registry.yarnpkg.com/@ezuikit/control-date-picker/-/control-date-picker-2.0.0-beta.2.tgz#f674ec745d5cefcd166467b1c2fbea8d8e70056c"
  integrity sha512-ezyV6ev6+Igs91c+aArZkow8BhuJslJutTRVI6NuWVtpQZdzLsUCszSkD8jjlJwI3js8NPbNbMjKzrMkeykV5Q==
  dependencies:
    "@ezuikit/utils-i18n" "2.0.0"
    "@ezuikit/utils-tools" "2.0.3"
    "@skax/delegate" "4.0.2"
    "@skax/picker" "1.1.8"
    deepmerge "^4.3.1"

"@ezuikit/control-ptz@1.0.0-beta.3":
  version "1.0.0-beta.3"
  resolved "https://registry.yarnpkg.com/@ezuikit/control-ptz/-/control-ptz-1.0.0-beta.3.tgz#142be024b17d1c5a957194f281495055137b4784"
  integrity sha512-E8qhpWerc3nWd8bCmQRpUYlUOwPK09GQCmI42GV0Z9PsUi4seiLl2j0isWkCQmNXHXY1lhXoqGfQSTZEGepTzw==
  dependencies:
    "@ezuikit/utils-tools" "2.0.3"
    deepmerge "^4.3.1"

"@ezuikit/control-time-line@2.0.0-beta.2":
  version "2.0.0-beta.2"
  resolved "https://registry.yarnpkg.com/@ezuikit/control-time-line/-/control-time-line-2.0.0-beta.2.tgz#b3d993734965744ba96d468b6d95990a0fec4079"
  integrity sha512-QXlrrUV7bz+nuBKjloJ1UQoUw91G1hL9+6OOWO+emH7dSpORiXC24wGSZKTW8Te8ZxffVe/b9bY8q4pt5bF5Qg==
  dependencies:
    "@ezuikit/utils-i18n" "2.0.0"
    "@ezuikit/utils-tools" "2.0.3"
    "@skax/delegate" "4.0.2"
    "@skax/drag-scroll" "1.1.2"
    "@skax/picker" "1.1.8"
    deepmerge "^4.3.1"

"@ezuikit/control-zoom@1.0.0-beta.1":
  version "1.0.0-beta.1"
  resolved "https://registry.yarnpkg.com/@ezuikit/control-zoom/-/control-zoom-1.0.0-beta.1.tgz#4a94f0ecc4f333bb1b511c57acec7d260d1b3d18"
  integrity sha512-yOp9WxL76zEuKSheEG/lFtuIEmgEN2+i68FNhp09tG+Il4t84BohiJfnIM3BOWYzVH+yYFA8+t3zTnJzWtIKtg==

"@ezuikit/utils-i18n@2.0.0":
  version "2.0.0"
  resolved "https://registry.yarnpkg.com/@ezuikit/utils-i18n/-/utils-i18n-2.0.0.tgz#41dceba7b09043e1a5baffce36ca0e0de36c7cc4"
  integrity sha512-gMkfdwFTRk3bAkUVWRGPyEsQl4aIImBpQp732aSSHA75LFPi1MmdaB2Xf34OeC+4v+Anpbt75vviCpUrKPMKlQ==
  dependencies:
    deepmerge "^4.3.1"

"@ezuikit/utils-i18n@2.0.1":
  version "2.0.1"
  resolved "https://registry.yarnpkg.com/@ezuikit/utils-i18n/-/utils-i18n-2.0.1.tgz#e4a5d0b921763ab5554cedc02fb8e058f4640802"
  integrity sha512-846z2bDpCxioTBO3KG8Uw8QUFa6hzquSzmZKWPO6fjT3P4v6zNnXRz+Z3JCPlXnc4eesi03A+JmMAU6m5KI4gg==
  dependencies:
    deepmerge "^4.3.1"

"@ezuikit/utils-logger@2.0.1":
  version "2.0.1"
  resolved "https://registry.yarnpkg.com/@ezuikit/utils-logger/-/utils-logger-2.0.1.tgz#5493ec1e388a55b14e557581cb382edcae71cfdc"
  integrity sha512-AeLLR9ZQJkSJFfCicpkVBcnOE4zyQMp4W4997sTEGyF3k3I8Upkfn4Cye2A44MIphdw6eytKlaJp6H4joSafQw==

"@ezuikit/utils-tools@2.0.3":
  version "2.0.3"
  resolved "https://registry.yarnpkg.com/@ezuikit/utils-tools/-/utils-tools-2.0.3.tgz#11fdf9422288f1355c2378b9d890844168fca6b3"
  integrity sha512-YvUGDU1ikjSc5YjQLh6kQWGBOpqkOczb3HiocWm7FOk9grW6IAGd3RbRu0e+XyWT20nefcEpbIhRwOYsTejjnA==

"@juggle/resize-observer@^3.4.0":
  version "3.4.0"
  resolved "https://registry.yarnpkg.com/@juggle/resize-observer/-/resize-observer-3.4.0.tgz#08d6c5e20cf7e4cc02fd181c4b0c225cd31dbb60"
  integrity sha512-dfLbk+PwWvFzSxwk3n5ySL0hfBog779o8h68wK/7/APo/7cgyWp5jcXockbxdk5kFRkbeXWm4Fbi9FrdN381sA==

"@skax/delegate@4.0.2":
  version "4.0.2"
  resolved "https://registry.yarnpkg.com/@skax/delegate/-/delegate-4.0.2.tgz#c1bdd1e195e414bb56153d697d9e0c431084afcb"
  integrity sha512-8imP+fGESjlbU4mFhZMEuR3/qmYVtqQjXXzZ/C/imbzKqyaMWYpEDqQXNf6yGHzWHUJhZwn5AWNm645U1GjQsQ==

"@skax/drag-scroll@1.1.2":
  version "1.1.2"
  resolved "https://registry.yarnpkg.com/@skax/drag-scroll/-/drag-scroll-1.1.2.tgz#1867421bdd90cc86a33f4e1529f50ce44b6aaff8"
  integrity sha512-dRYjWY6+ix7FCdDLkkEgitO5EcawaHJt1Fu6BXUwKjpikkGnVeMRzrIwfH3jr6FbrhZvZr4StsYG7x5xMHZ3CQ==

"@skax/picker@1.1.8":
  version "1.1.8"
  resolved "https://registry.yarnpkg.com/@skax/picker/-/picker-1.1.8.tgz#2104841638afff654285fb6098366e4981f4e89e"
  integrity sha512-PY8eefUG2KYheTV4VsToL66JDyFWbNrUQcz4sdEUfdFs5A2JWBYL4tNVEIMUq92m03yXaPtkNXh2RcgKO2Czzg==

deepmerge@^4.3.1:
  version "4.3.1"
  resolved "https://registry.yarnpkg.com/deepmerge/-/deepmerge-4.3.1.tgz#44b5f2147cd3b00d4b56137685966f26fd25dd4a"
  integrity sha512-3sUqbMEc77XqpdNO7FRyRog+eW3ph+GYCbj+rK+uYyRMuwsVy0rMiVtPn+QJlKFvWP/1PYpapqYn0Me2knFn+A==

eventemitter3@^5.0.1:
  version "5.0.1"
  resolved "https://registry.yarnpkg.com/eventemitter3/-/eventemitter3-5.0.1.tgz#53f5ffd0a492ac800721bb42c66b841de96423c4"
  integrity sha512-GWkBvjiSZK87ELrYOSESUYeVIc9mvLLf/nXalMOS5dYrgZq9o5OVkbZAVM06CVxYsCwH9BDZFPlQTlPA1j4ahA==

screenfull@5.2.0:
  version "5.2.0"
  resolved "https://registry.yarnpkg.com/screenfull/-/screenfull-5.2.0.tgz#6533d524d30621fc1283b9692146f3f13a93d1ba"
  integrity sha512-9BakfsO2aUQN2K9Fdbj87RJIEZ82Q9IGim7FqM5OsebfoFC6ZHXgDq/KvniuLTPdeM8wY2o6Dj3WQ7KeQCj3cA==
